// !$*UTF8*$!
{
	archiveVersion = 1;
	classes = {
	};
	objectVersion = 52;
	objects = {

/* Begin PBXBuildFile section */
		1920093A26063AF500EFCE76 /* Kingfisher in Frameworks */ = {isa = PBXBuildFile; productRef = 1920093926063AF500EFCE76 /* Kingfisher */; };
		1920093E26063AFA00EFCE76 /* Kingfisher in Frameworks */ = {isa = PBXBuildFile; productRef = 1920093D26063AFA00EFCE76 /* Kingfisher */; };
		1920094226063C8800EFCE76 /* WhiteButton.swift in Sources */ = {isa = PBXBuildFile; fileRef = 1920094126063C8700EFCE76 /* WhiteButton.swift */; };
		1920094326063C8800EFCE76 /* WhiteButton.swift in Sources */ = {isa = PBXBuildFile; fileRef = 1920094126063C8700EFCE76 /* WhiteButton.swift */; };
		19919D32260634B400B9E1E4 /* SmallVerticalButton.swift in Sources */ = {isa = PBXBuildFile; fileRef = 19919D31260634B400B9E1E4 /* SmallVerticalButton.swift */; };
		19919D33260634B400B9E1E4 /* SmallVerticalButton.swift in Sources */ = {isa = PBXBuildFile; fileRef = 19919D31260634B400B9E1E4 /* SmallVerticalButton.swift */; };
		199EB2E22605FE76001762BD /* NetflixApp.swift in Sources */ = {isa = PBXBuildFile; fileRef = 199EB2CF2605FE76001762BD /* NetflixApp.swift */; };
		199EB2E32605FE76001762BD /* NetflixApp.swift in Sources */ = {isa = PBXBuildFile; fileRef = 199EB2CF2605FE76001762BD /* NetflixApp.swift */; };
		199EB2E42605FE76001762BD /* ContentView.swift in Sources */ = {isa = PBXBuildFile; fileRef = 199EB2D02605FE76001762BD /* ContentView.swift */; };
		199EB2E52605FE76001762BD /* ContentView.swift in Sources */ = {isa = PBXBuildFile; fileRef = 199EB2D02605FE76001762BD /* ContentView.swift */; };
		199EB2E62605FE76001762BD /* Assets.xcassets in Resources */ = {isa = PBXBuildFile; fileRef = 199EB2D12605FE76001762BD /* Assets.xcassets */; };
		199EB2E72605FE76001762BD /* Assets.xcassets in Resources */ = {isa = PBXBuildFile; fileRef = 199EB2D12605FE76001762BD /* Assets.xcassets */; };
		199EB2F5260600BF001762BD /* HomeView.swift in Sources */ = {isa = PBXBuildFile; fileRef = 199EB2F4260600BF001762BD /* HomeView.swift */; };
		199EB2F6260600BF001762BD /* HomeView.swift in Sources */ = {isa = PBXBuildFile; fileRef = 199EB2F4260600BF001762BD /* HomeView.swift */; };
		199EB31026060479001762BD /* Movie.swift in Sources */ = {isa = PBXBuildFile; fileRef = 199EB30F26060479001762BD /* Movie.swift */; };
		199EB31126060479001762BD /* Movie.swift in Sources */ = {isa = PBXBuildFile; fileRef = 199EB30F26060479001762BD /* Movie.swift */; };
		199EB315260604CD001762BD /* StandardHomeMovie.swift in Sources */ = {isa = PBXBuildFile; fileRef = 199EB314260604CD001762BD /* StandardHomeMovie.swift */; };
		199EB316260604CD001762BD /* StandardHomeMovie.swift in Sources */ = {isa = PBXBuildFile; fileRef = 199EB314260604CD001762BD /* StandardHomeMovie.swift */; };
		199EB31A26060546001762BD /* GlobalHelpers.swift in Sources */ = {isa = PBXBuildFile; fileRef = 199EB31926060546001762BD /* GlobalHelpers.swift */; };
		199EB31B26060546001762BD /* GlobalHelpers.swift in Sources */ = {isa = PBXBuildFile; fileRef = 199EB31926060546001762BD /* GlobalHelpers.swift */; };
		19EA36102606156C004B4E8E /* TopMoviePreview.swift in Sources */ = {isa = PBXBuildFile; fileRef = 19EA360F2606156C004B4E8E /* TopMoviePreview.swift */; };
		19EA36112606156C004B4E8E /* TopMoviePreview.swift in Sources */ = {isa = PBXBuildFile; fileRef = 19EA360F2606156C004B4E8E /* TopMoviePreview.swift */; };
		19F91887260606FB00EE07E4 /* HomeViewModel.swift in Sources */ = {isa = PBXBuildFile; fileRef = 19F91886260606FB00EE07E4 /* HomeViewModel.swift */; };
		19F91888260606FB00EE07E4 /* HomeViewModel.swift in Sources */ = {isa = PBXBuildFile; fileRef = 19F91886260606FB00EE07E4 /* HomeViewModel.swift */; };
/* End PBXBuildFile section */

/* Begin PBXFileReference section */
		1920094126063C8700EFCE76 /* WhiteButton.swift */ = {isa = PBXFileReference; lastKnownFileType = sourcecode.swift; path = WhiteButton.swift; sourceTree = "<group>"; };
		19919D31260634B400B9E1E4 /* SmallVerticalButton.swift */ = {isa = PBXFileReference; lastKnownFileType = sourcecode.swift; path = SmallVerticalButton.swift; sourceTree = "<group>"; };
		199EB2CF2605FE76001762BD /* NetflixApp.swift */ = {isa = PBXFileReference; lastKnownFileType = sourcecode.swift; path = NetflixApp.swift; sourceTree = "<group>"; };
		199EB2D02605FE76001762BD /* ContentView.swift */ = {isa = PBXFileReference; lastKnownFileType = sourcecode.swift; path = ContentView.swift; sourceTree = "<group>"; };
		199EB2D12605FE76001762BD /* Assets.xcassets */ = {isa = PBXFileReference; lastKnownFileType = folder.assetcatalog; path = Assets.xcassets; sourceTree = "<group>"; };
		199EB2D62605FE76001762BD /* Netflix.app */ = {isa = PBXFileReference; explicitFileType = wrapper.application; includeInIndex = 0; path = Netflix.app; sourceTree = BUILT_PRODUCTS_DIR; };
		199EB2D92605FE76001762BD /* Info.plist */ = {isa = PBXFileReference; lastKnownFileType = text.plist.xml; path = Info.plist; sourceTree = "<group>"; };
		199EB2DE2605FE76001762BD /* Netflix.app */ = {isa = PBXFileReference; explicitFileType = wrapper.application; includeInIndex = 0; path = Netflix.app; sourceTree = BUILT_PRODUCTS_DIR; };
		199EB2E02605FE76001762BD /* Info.plist */ = {isa = PBXFileReference; lastKnownFileType = text.plist.xml; path = Info.plist; sourceTree = "<group>"; };
		199EB2E12605FE76001762BD /* macOS.entitlements */ = {isa = PBXFileReference; lastKnownFileType = text.plist.entitlements; path = macOS.entitlements; sourceTree = "<group>"; };
		199EB2F4260600BF001762BD /* HomeView.swift */ = {isa = PBXFileReference; lastKnownFileType = sourcecode.swift; path = HomeView.swift; sourceTree = "<group>"; };
		199EB30F26060479001762BD /* Movie.swift */ = {isa = PBXFileReference; lastKnownFileType = sourcecode.swift; path = Movie.swift; sourceTree = "<group>"; };
		199EB314260604CD001762BD /* StandardHomeMovie.swift */ = {isa = PBXFileReference; lastKnownFileType = sourcecode.swift; path = StandardHomeMovie.swift; sourceTree = "<group>"; };
		199EB31926060546001762BD /* GlobalHelpers.swift */ = {isa = PBXFileReference; lastKnownFileType = sourcecode.swift; path = GlobalHelpers.swift; sourceTree = "<group>"; };
		19EA360F2606156C004B4E8E /* TopMoviePreview.swift */ = {isa = PBXFileReference; lastKnownFileType = sourcecode.swift; path = TopMoviePreview.swift; sourceTree = "<group>"; };
		19F91886260606FB00EE07E4 /* HomeViewModel.swift */ = {isa = PBXFileReference; lastKnownFileType = sourcecode.swift; path = HomeViewModel.swift; sourceTree = "<group>"; };
/* End PBXFileReference section */

/* Begin PBXFrameworksBuildPhase section */
		199EB2D32605FE76001762BD /* Frameworks */ = {
			isa = PBXFrameworksBuildPhase;
			buildActionMask = 2147483647;
			files = (
				1920093A26063AF500EFCE76 /* Kingfisher in Frameworks */,
			);
			runOnlyForDeploymentPostprocessing = 0;
		};
		199EB2DB2605FE76001762BD /* Frameworks */ = {
			isa = PBXFrameworksBuildPhase;
			buildActionMask = 2147483647;
			files = (
				1920093E26063AFA00EFCE76 /* Kingfisher in Frameworks */,
			);
			runOnlyForDeploymentPostprocessing = 0;
		};
/* End PBXFrameworksBuildPhase section */

/* Begin PBXGroup section */
		199EB2C92605FE76001762BD = {
			isa = PBXGroup;
			children = (
				199EB2CE2605FE76001762BD /* Shared */,
				199EB2D82605FE76001762BD /* iOS */,
				199EB2DF2605FE76001762BD /* macOS */,
				199EB2D72605FE76001762BD /* Products */,
				199EB301260602D5001762BD /* Frameworks */,
			);
			sourceTree = "<group>";
		};
		199EB2CE2605FE76001762BD /* Shared */ = {
			isa = PBXGroup;
			children = (
				199EB2CF2605FE76001762BD /* NetflixApp.swift */,
				199EB2D02605FE76001762BD /* ContentView.swift */,
				199EB2D12605FE76001762BD /* Assets.xcassets */,
			);
			path = Shared;
			sourceTree = "<group>";
		};
		199EB2D72605FE76001762BD /* Products */ = {
			isa = PBXGroup;
			children = (
				199EB2D62605FE76001762BD /* Netflix.app */,
				199EB2DE2605FE76001762BD /* Netflix.app */,
			);
			name = Products;
			sourceTree = "<group>";
		};
		199EB2D82605FE76001762BD /* iOS */ = {
			isa = PBXGroup;
			children = (
				199EB2D92605FE76001762BD /* Info.plist */,
				199EB2F9260600C6001762BD /* Home */,
				199EB30F26060479001762BD /* Movie.swift */,
				199EB31926060546001762BD /* GlobalHelpers.swift */,
			);
			path = iOS;
			sourceTree = "<group>";
		};
		199EB2DF2605FE76001762BD /* macOS */ = {
			isa = PBXGroup;
			children = (
				199EB2E02605FE76001762BD /* Info.plist */,
				199EB2E12605FE76001762BD /* macOS.entitlements */,
			);
			path = macOS;
			sourceTree = "<group>";
		};
		199EB2F9260600C6001762BD /* Home */ = {
			isa = PBXGroup;
			children = (
				199EB2F4260600BF001762BD /* HomeView.swift */,
				19F91886260606FB00EE07E4 /* HomeViewModel.swift */,
				199EB314260604CD001762BD /* StandardHomeMovie.swift */,
				19EA360F2606156C004B4E8E /* TopMoviePreview.swift */,
				1920094126063C8700EFCE76 /* WhiteButton.swift */,
				19919D31260634B400B9E1E4 /* SmallVerticalButton.swift */,
			);
			path = Home;
			sourceTree = "<group>";
		};
		199EB301260602D5001762BD /* Frameworks */ = {
			isa = PBXGroup;
			children = (
			);
			name = Frameworks;
			sourceTree = "<group>";
		};
/* End PBXGroup section */

/* Begin PBXNativeTarget section */
		199EB2D52605FE76001762BD /* Netflix (iOS) */ = {
			isa = PBXNativeTarget;
			buildConfigurationList = 199EB2EA2605FE76001762BD /* Build configuration list for PBXNativeTarget "Netflix (iOS)" */;
			buildPhases = (
				199EB2D22605FE76001762BD /* Sources */,
				199EB2D32605FE76001762BD /* Frameworks */,
				199EB2D42605FE76001762BD /* Resources */,
			);
			buildRules = (
			);
			dependencies = (
			);
			name = "Netflix (iOS)";
			packageProductDependencies = (
				1920093926063AF500EFCE76 /* Kingfisher */,
			);
			productName = "Netflix (iOS)";
			productReference = 199EB2D62605FE76001762BD /* Netflix.app */;
			productType = "com.apple.product-type.application";
		};
		199EB2DD2605FE76001762BD /* Netflix (macOS) */ = {
			isa = PBXNativeTarget;
			buildConfigurationList = 199EB2ED2605FE76001762BD /* Build configuration list for PBXNativeTarget "Netflix (macOS)" */;
			buildPhases = (
				199EB2DA2605FE76001762BD /* Sources */,
				199EB2DB2605FE76001762BD /* Frameworks */,
				199EB2DC2605FE76001762BD /* Resources */,
			);
			buildRules = (
			);
			dependencies = (
			);
			name = "Netflix (macOS)";
			packageProductDependencies = (
				1920093D26063AFA00EFCE76 /* Kingfisher */,
			);
			productName = "Netflix (macOS)";
			productReference = 199EB2DE2605FE76001762BD /* Netflix.app */;
			productType = "com.apple.product-type.application";
		};
/* End PBXNativeTarget section */

/* Begin PBXProject section */
		199EB2CA2605FE76001762BD /* Project object */ = {
			isa = PBXProject;
			attributes = {
				LastSwiftUpdateCheck = 1240;
				LastUpgradeCheck = 1240;
				TargetAttributes = {
					199EB2D52605FE76001762BD = {
						CreatedOnToolsVersion = 12.4;
					};
					199EB2DD2605FE76001762BD = {
						CreatedOnToolsVersion = 12.4;
					};
				};
			};
			buildConfigurationList = 199EB2CD2605FE76001762BD /* Build configuration list for PBXProject "Netflix" */;
			compatibilityVersion = "Xcode 9.3";
			developmentRegion = en;
			hasScannedForEncodings = 0;
			knownRegions = (
				en,
				Base,
			);
			mainGroup = 199EB2C92605FE76001762BD;
			packageReferences = (
				1920093826063AF500EFCE76 /* XCRemoteSwiftPackageReference "Kingfisher" */,
			);
			productRefGroup = 199EB2D72605FE76001762BD /* Products */;
			projectDirPath = "";
			projectRoot = "";
			targets = (
				199EB2D52605FE76001762BD /* Netflix (iOS) */,
				199EB2DD2605FE76001762BD /* Netflix (macOS) */,
			);
		};
/* End PBXProject section */

/* Begin PBXResourcesBuildPhase section */
		199EB2D42605FE76001762BD /* Resources */ = {
			isa = PBXResourcesBuildPhase;
			buildActionMask = 2147483647;
			files = (
				199EB2E62605FE76001762BD /* Assets.xcassets in Resources */,
			);
			runOnlyForDeploymentPostprocessing = 0;
		};
		199EB2DC2605FE76001762BD /* Resources */ = {
			isa = PBXResourcesBuildPhase;
			buildActionMask = 2147483647;
			files = (
				199EB2E72605FE76001762BD /* Assets.xcassets in Resources */,
			);
			runOnlyForDeploymentPostprocessing = 0;
		};
/* End PBXResourcesBuildPhase section */

/* Begin PBXSourcesBuildPhase section */
		199EB2D22605FE76001762BD /* Sources */ = {
			isa = PBXSourcesBuildPhase;
			buildActionMask = 2147483647;
			files = (
				199EB31A26060546001762BD /* GlobalHelpers.swift in Sources */,
				199EB2F5260600BF001762BD /* HomeView.swift in Sources */,
				19F91887260606FB00EE07E4 /* HomeViewModel.swift in Sources */,
				199EB2E42605FE76001762BD /* ContentView.swift in Sources */,
				199EB315260604CD001762BD /* StandardHomeMovie.swift in Sources */,
				19EA36102606156C004B4E8E /* TopMoviePreview.swift in Sources */,
				199EB31026060479001762BD /* Movie.swift in Sources */,
				199EB2E22605FE76001762BD /* NetflixApp.swift in Sources */,
				19919D32260634B400B9E1E4 /* SmallVerticalButton.swift in Sources */,
				1920094226063C8800EFCE76 /* WhiteButton.swift in Sources */,
			);
			runOnlyForDeploymentPostprocessing = 0;
		};
		199EB2DA2605FE76001762BD /* Sources */ = {
			isa = PBXSourcesBuildPhase;
			buildActionMask = 2147483647;
			files = (
				199EB31B26060546001762BD /* GlobalHelpers.swift in Sources */,
				199EB2F6260600BF001762BD /* HomeView.swift in Sources */,
				19F91888260606FB00EE07E4 /* HomeViewModel.swift in Sources */,
				199EB2E52605FE76001762BD /* ContentView.swift in Sources */,
				199EB316260604CD001762BD /* StandardHomeMovie.swift in Sources */,
				19EA36112606156C004B4E8E /* TopMoviePreview.swift in Sources */,
				199EB31126060479001762BD /* Movie.swift in Sources */,
				199EB2E32605FE76001762BD /* NetflixApp.swift in Sources */,
				19919D33260634B400B9E1E4 /* SmallVerticalButton.swift in Sources */,
				1920094326063C8800EFCE76 /* WhiteButton.swift in Sources */,
			);
			runOnlyForDeploymentPostprocessing = 0;
		};
/* End PBXSourcesBuildPhase section */

/* Begin XCBuildConfiguration section */
		199EB2E82605FE76001762BD /* Debug */ = {
			isa = XCBuildConfiguration;
			buildSettings = {
				ALWAYS_SEARCH_USER_PATHS = NO;
				CLANG_ANALYZER_NONNULL = YES;
				CLANG_ANALYZER_NUMBER_OBJECT_CONVERSION = YES_AGGRESSIVE;
				CLANG_CXX_LANGUAGE_STANDARD = "gnu++14";
				CLANG_CXX_LIBRARY = "libc++";
				CLANG_ENABLE_MODULES = YES;
				CLANG_ENABLE_OBJC_ARC = YES;
				CLANG_ENABLE_OBJC_WEAK = YES;
				CLANG_WARN_BLOCK_CAPTURE_AUTORELEASING = YES;
				CLANG_WARN_BOOL_CONVERSION = YES;
				CLANG_WARN_COMMA = YES;
				CLANG_WARN_CONSTANT_CONVERSION = YES;
				CLANG_WARN_DEPRECATED_OBJC_IMPLEMENTATIONS = YES;
				CLANG_WARN_DIRECT_OBJC_ISA_USAGE = YES_ERROR;
				CLANG_WARN_DOCUMENTATION_COMMENTS = YES;
				CLANG_WARN_EMPTY_BODY = YES;
				CLANG_WARN_ENUM_CONVERSION = YES;
				CLANG_WARN_INFINITE_RECURSION = YES;
				CLANG_WARN_INT_CONVERSION = YES;
				CLANG_WARN_NON_LITERAL_NULL_CONVERSION = YES;
				CLANG_WARN_OBJC_IMPLICIT_RETAIN_SELF = YES;
				CLANG_WARN_OBJC_LITERAL_CONVERSION = YES;
				CLANG_WARN_OBJC_ROOT_CLASS = YES_ERROR;
				CLANG_WARN_QUOTED_INCLUDE_IN_FRAMEWORK_HEADER = YES;
				CLANG_WARN_RANGE_LOOP_ANALYSIS = YES;
				CLANG_WARN_STRICT_PROTOTYPES = YES;
				CLANG_WARN_SUSPICIOUS_MOVE = YES;
				CLANG_WARN_UNGUARDED_AVAILABILITY = YES_AGGRESSIVE;
				CLANG_WARN_UNREACHABLE_CODE = YES;
				CLANG_WARN__DUPLICATE_METHOD_MATCH = YES;
				COPY_PHASE_STRIP = NO;
				DEBUG_INFORMATION_FORMAT = dwarf;
				ENABLE_STRICT_OBJC_MSGSEND = YES;
				ENABLE_TESTABILITY = YES;
				GCC_C_LANGUAGE_STANDARD = gnu11;
				GCC_DYNAMIC_NO_PIC = NO;
				GCC_NO_COMMON_BLOCKS = YES;
				GCC_OPTIMIZATION_LEVEL = 0;
				GCC_PREPROCESSOR_DEFINITIONS = (
					"DEBUG=1",
					"$(inherited)",
				);
				GCC_WARN_64_TO_32_BIT_CONVERSION = YES;
				GCC_WARN_ABOUT_RETURN_TYPE = YES_ERROR;
				GCC_WARN_UNDECLARED_SELECTOR = YES;
				GCC_WARN_UNINITIALIZED_AUTOS = YES_AGGRESSIVE;
				GCC_WARN_UNUSED_FUNCTION = YES;
				GCC_WARN_UNUSED_VARIABLE = YES;
				MTL_ENABLE_DEBUG_INFO = INCLUDE_SOURCE;
				MTL_FAST_MATH = YES;
				ONLY_ACTIVE_ARCH = YES;
				SWIFT_ACTIVE_COMPILATION_CONDITIONS = DEBUG;
				SWIFT_OPTIMIZATION_LEVEL = "-Onone";
			};
			name = Debug;
		};
		199EB2E92605FE76001762BD /* Release */ = {
			isa = XCBuildConfiguration;
			buildSettings = {
				ALWAYS_SEARCH_USER_PATHS = NO;
				CLANG_ANALYZER_NONNULL = YES;
				CLANG_ANALYZER_NUMBER_OBJECT_CONVERSION = YES_AGGRESSIVE;
				CLANG_CXX_LANGUAGE_STANDARD = "gnu++14";
				CLANG_CXX_LIBRARY = "libc++";
				CLANG_ENABLE_MODULES = YES;
				CLANG_ENABLE_OBJC_ARC = YES;
				CLANG_ENABLE_OBJC_WEAK = YES;
				CLANG_WARN_BLOCK_CAPTURE_AUTORELEASING = YES;
				CLANG_WARN_BOOL_CONVERSION = YES;
				CLANG_WARN_COMMA = YES;
				CLANG_WARN_CONSTANT_CONVERSION = YES;
				CLANG_WARN_DEPRECATED_OBJC_IMPLEMENTATIONS = YES;
				CLANG_WARN_DIRECT_OBJC_ISA_USAGE = YES_ERROR;
				CLANG_WARN_DOCUMENTATION_COMMENTS = YES;
				CLANG_WARN_EMPTY_BODY = YES;
				CLANG_WARN_ENUM_CONVERSION = YES;
				CLANG_WARN_INFINITE_RECURSION = YES;
				CLANG_WARN_INT_CONVERSION = YES;
				CLANG_WARN_NON_LITERAL_NULL_CONVERSION = YES;
				CLANG_WARN_OBJC_IMPLICIT_RETAIN_SELF = YES;
				CLANG_WARN_OBJC_LITERAL_CONVERSION = YES;
				CLANG_WARN_OBJC_ROOT_CLASS = YES_ERROR;
				CLANG_WARN_QUOTED_INCLUDE_IN_FRAMEWORK_HEADER = YES;
				CLANG_WARN_RANGE_LOOP_ANALYSIS = YES;
				CLANG_WARN_STRICT_PROTOTYPES = YES;
				CLANG_WARN_SUSPICIOUS_MOVE = YES;
				CLANG_WARN_UNGUARDED_AVAILABILITY = YES_AGGRESSIVE;
				CLANG_WARN_UNREACHABLE_CODE = YES;
				CLANG_WARN__DUPLICATE_METHOD_MATCH = YES;
				COPY_PHASE_STRIP = NO;
				DEBUG_INFORMATION_FORMAT = "dwarf-with-dsym";
				ENABLE_NS_ASSERTIONS = NO;
				ENABLE_STRICT_OBJC_MSGSEND = YES;
				GCC_C_LANGUAGE_STANDARD = gnu11;
				GCC_NO_COMMON_BLOCKS = YES;
				GCC_WARN_64_TO_32_BIT_CONVERSION = YES;
				GCC_WARN_ABOUT_RETURN_TYPE = YES_ERROR;
				GCC_WARN_UNDECLARED_SELECTOR = YES;
				GCC_WARN_UNINITIALIZED_AUTOS = YES_AGGRESSIVE;
				GCC_WARN_UNUSED_FUNCTION = YES;
				GCC_WARN_UNUSED_VARIABLE = YES;
				MTL_ENABLE_DEBUG_INFO = NO;
				MTL_FAST_MATH = YES;
				SWIFT_COMPILATION_MODE = wholemodule;
				SWIFT_OPTIMIZATION_LEVEL = "-O";
			};
			name = Release;
		};
		199EB2EB2605FE76001762BD /* Debug */ = {
			isa = XCBuildConfiguration;
			buildSettings = {
				ASSETCATALOG_COMPILER_APPICON_NAME = AppIcon;
				ASSETCATALOG_COMPILER_GLOBAL_ACCENT_COLOR_NAME = AccentColor;
				CODE_SIGN_STYLE = Automatic;
				DEVELOPMENT_TEAM = PMY79A3SW7;
				ENABLE_PREVIEWS = YES;
				INFOPLIST_FILE = iOS/Info.plist;
				IPHONEOS_DEPLOYMENT_TARGET = 14.0;
				LD_RUNPATH_SEARCH_PATHS = (
					"$(inherited)",
					"@executable_path/Frameworks",
				);
				MARKETING_VERSION = 1.0.0;
				PRODUCT_BUNDLE_IDENTIFIER = com.celapps.netflix;
				PRODUCT_NAME = Netflix;
				SDKROOT = iphoneos;
				SWIFT_VERSION = 5.0;
				TARGETED_DEVICE_FAMILY = "1,2";
			};
			name = Debug;
		};
		199EB2EC2605FE76001762BD /* Release */ = {
			isa = XCBuildConfiguration;
			buildSettings = {
				ASSETCATALOG_COMPILER_APPICON_NAME = AppIcon;
				ASSETCATALOG_COMPILER_GLOBAL_ACCENT_COLOR_NAME = AccentColor;
				CODE_SIGN_STYLE = Automatic;
				DEVELOPMENT_TEAM = PMY79A3SW7;
				ENABLE_PREVIEWS = YES;
				INFOPLIST_FILE = iOS/Info.plist;
				IPHONEOS_DEPLOYMENT_TARGET = 14.0;
				LD_RUNPATH_SEARCH_PATHS = (
					"$(inherited)",
					"@executable_path/Frameworks",
				);
				MARKETING_VERSION = 1.0.0;
				PRODUCT_BUNDLE_IDENTIFIER = com.celapps.netflix;
				PRODUCT_NAME = Netflix;
				SDKROOT = iphoneos;
				SWIFT_VERSION = 5.0;
				TARGETED_DEVICE_FAMILY = "1,2";
				VALIDATE_PRODUCT = YES;
			};
			name = Release;
		};
		199EB2EE2605FE76001762BD /* Debug */ = {
			isa = XCBuildConfiguration;
			buildSettings = {
				ASSETCATALOG_COMPILER_APPICON_NAME = AppIcon;
				ASSETCATALOG_COMPILER_GLOBAL_ACCENT_COLOR_NAME = AccentColor;
				CODE_SIGN_ENTITLEMENTS = macOS/macOS.entitlements;
				CODE_SIGN_STYLE = Automatic;
				COMBINE_HIDPI_IMAGES = YES;
				DEVELOPMENT_TEAM = PMY79A3SW7;
				ENABLE_HARDENED_RUNTIME = YES;
				ENABLE_PREVIEWS = YES;
				INFOPLIST_FILE = macOS/Info.plist;
				LD_RUNPATH_SEARCH_PATHS = (
					"$(inherited)",
					"@executable_path/../Frameworks",
				);
				MACOSX_DEPLOYMENT_TARGET = 11.0;
				PRODUCT_BUNDLE_IDENTIFIER = com.celapps.netflix;
				PRODUCT_NAME = Netflix;
				SDKROOT = macosx;
				SWIFT_VERSION = 5.0;
			};
			name = Debug;
		};
		199EB2EF2605FE76001762BD /* Release */ = {
			isa = XCBuildConfiguration;
			buildSettings = {
				ASSETCATALOG_COMPILER_APPICON_NAME = AppIcon;
				ASSETCATALOG_COMPILER_GLOBAL_ACCENT_COLOR_NAME = AccentColor;
				CODE_SIGN_ENTITLEMENTS = macOS/macOS.entitlements;
				CODE_SIGN_STYLE = Automatic;
				COMBINE_HIDPI_IMAGES = YES;
				DEVELOPMENT_TEAM = PMY79A3SW7;
				ENABLE_HARDENED_RUNTIME = YES;
				ENABLE_PREVIEWS = YES;
				INFOPLIST_FILE = macOS/Info.plist;
				LD_RUNPATH_SEARCH_PATHS = (
					"$(inherited)",
					"@executable_path/../Frameworks",
				);
				MACOSX_DEPLOYMENT_TARGET = 11.0;
				PRODUCT_BUNDLE_IDENTIFIER = com.celapps.netflix;
				PRODUCT_NAME = Netflix;
				SDKROOT = macosx;
				SWIFT_VERSION = 5.0;
			};
			name = Release;
		};
/* End XCBuildConfiguration section */

/* Begin XCConfigurationList section */
		199EB2CD2605FE76001762BD /* Build configuration list for PBXProject "Netflix" */ = {
			isa = XCConfigurationList;
			buildConfigurations = (
				199EB2E82605FE76001762BD /* Debug */,
				199EB2E92605FE76001762BD /* Release */,
			);
			defaultConfigurationIsVisible = 0;
			defaultConfigurationName = Release;
		};
		199EB2EA2605FE76001762BD /* Build configuration list for PBXNativeTarget "Netflix (iOS)" */ = {
			isa = XCConfigurationList;
			buildConfigurations = (
				199EB2EB2605FE76001762BD /* Debug */,
				199EB2EC2605FE76001762BD /* Release */,
			);
			defaultConfigurationIsVisible = 0;
			defaultConfigurationName = Release;
		};
		199EB2ED2605FE76001762BD /* Build configuration list for PBXNativeTarget "Netflix (macOS)" */ = {
			isa = XCConfigurationList;
			buildConfigurations = (
				199EB2EE2605FE76001762BD /* Debug */,
				199EB2EF2605FE76001762BD /* Release */,
			);
			defaultConfigurationIsVisible = 0;
			defaultConfigurationName = Release;
		};
/* End XCConfigurationList section */

/* Begin XCRemoteSwiftPackageReference section */
		1920093826063AF500EFCE76 /* XCRemoteSwiftPackageReference "Kingfisher" */ = {
			isa = XCRemoteSwiftPackageReference;
			repositoryURL = "https://github.com/onevcat/Kingfisher";
			requirement = {
				kind = upToNextMajorVersion;
				minimumVersion = 6.2.1;
			};
		};
/* End XCRemoteSwiftPackageReference section */

/* Begin XCSwiftPackageProductDependency section */
		1920093926063AF500EFCE76 /* Kingfisher */ = {
			isa = XCSwiftPackageProductDependency;
			package = 1920093826063AF500EFCE76 /* XCRemoteSwiftPackageReference "Kingfisher" */;
			productName = Kingfisher;
		};
		1920093D26063AFA00EFCE76 /* Kingfisher */ = {
			isa = XCSwiftPackageProductDependency;
			package = 1920093826063AF500EFCE76 /* XCRemoteSwiftPackageReference "Kingfisher" */;
			productName = Kingfisher;
		};
/* End XCSwiftPackageProductDependency section */
	};
	rootObject = 199EB2CA2605FE76001762BD /* Project object */;
}
